
Microsoft Visual Studio Solution File, Format Version 12.00
# Visual Studio Version 17
VisualStudioVersion = 17.8.34309.116
MinimumVisualStudioVersion = 10.0.40219.1
Project("{FAE04EC0-301F-11D3-BF4B-00C04F79EFBC}") = "WebApplication1", "WebApplication1\WebApplication1.csproj", "{3DF53010-DFB9-40ED-8444-8ABF4C485519}"
EndProject
Global
	GlobalSection(SolutionConfigurationPlatforms) = preSolution
		Debug|Any CPU = Debug|Any CPU
		Release|Any CPU = Release|Any CPU
	EndGlobalSection
	GlobalSection(ProjectConfigurationPlatforms) = postSolution
		{3DF53010-DFB9-40ED-8444-8ABF4C485519}.Debug|Any CPU.ActiveCfg = Debug|Any CPU
		{3DF53010-DFB9-40ED-8444-8ABF4C485519}.Debug|Any CPU.Build.0 = Debug|Any CPU
		{3DF53010-DFB9-40ED-8444-8ABF4C485519}.Release|Any CPU.ActiveCfg = Release|Any CPU
		{3DF53010-DFB9-40ED-8444-8ABF4C485519}.Release|Any CPU.Build.0 = Release|Any CPU
	EndGlobalSection
	GlobalSection(SolutionProperties) = preSolution
		HideSolutionNode = FALSE
	EndGlobalSection
	GlobalSection(ExtensibilityGlobals) = postSolution
		SolutionGuid = {412083A3-7F60-4C32-B9FA-191752E9D909}
	EndGlobalSection
EndGlobal
